
Microsoft Visual Studio Solution File, Format Version 12.00
# Visual Studio Version 17
VisualStudioVersion = 17.11.35303.130
MinimumVisualStudioVersion = 10.0.40219.1
Project("{FAE04EC0-301F-11D3-BF4B-00C04F79EFBC}") = "WebApplication2", "WebApplication2\WebApplication2.csproj", "{B6A6BB53-7086-4AB4-8EA9-95C36582B89B}"
EndProject
Global
	GlobalSection(SolutionConfigurationPlatforms) = preSolution
		Debug|Any CPU = Debug|Any CPU
		Release|Any CPU = Release|Any CPU
	EndGlobalSection
	GlobalSection(ProjectConfigurationPlatforms) = postSolution
		{B6A6BB53-7086-4AB4-8EA9-95C36582B89B}.Debug|Any CPU.ActiveCfg = Debug|Any CPU
		{B6A6BB53-7086-4AB4-8EA9-95C36582B89B}.Debug|Any CPU.Build.0 = Debug|Any CPU
		{B6A6BB53-7086-4AB4-8EA9-95C36582B89B}.Release|Any CPU.ActiveCfg = Release|Any CPU
		{B6A6BB53-7086-4AB4-8EA9-95C36582B89B}.Release|Any CPU.Build.0 = Release|Any CPU
	EndGlobalSection
	GlobalSection(SolutionProperties) = preSolution
		HideSolutionNode = FALSE
	EndGlobalSection
	GlobalSection(ExtensibilityGlobals) = postSolution
		SolutionGuid = {B789AA90-212A-408A-885B-88E372977F06}
	EndGlobalSection
EndGlobal
